
Microsoft Visual Studio Solution File, Format Version 12.00
# Visual Studio 15
VisualStudioVersion = 15.0.27428.2002
MinimumVisualStudioVersion = 10.0.40219.1
Project("{FAE04EC0-301F-11D3-BF4B-00C04F79EFBC}") = "DemoWebApp", "DemoWebApp.csproj", "{C2B20D46-B59C-4F66-838E-24D0242ADE2C}"
EndProject
Project("{FAE04EC0-301F-11D3-BF4B-00C04F79EFBC}") = "Web.Images.WebP", "..\Web.Images.WebP\Web.Images.WebP.csproj", "{1531AAEB-64DE-411D-A63D-19F0DE41260C}"
EndProject
Global
	GlobalSection(SolutionConfigurationPlatforms) = preSolution
		Debug|Any CPU = Debug|Any CPU
		Release|Any CPU = Release|Any CPU
	EndGlobalSection
	GlobalSection(ProjectConfigurationPlatforms) = postSolution
		{C2B20D46-B59C-4F66-838E-24D0242ADE2C}.Debug|Any CPU.ActiveCfg = Debug|Any CPU
		{C2B20D46-B59C-4F66-838E-24D0242ADE2C}.Debug|Any CPU.Build.0 = Debug|Any CPU
		{C2B20D46-B59C-4F66-838E-24D0242ADE2C}.Release|Any CPU.ActiveCfg = Release|Any CPU
		{C2B20D46-B59C-4F66-838E-24D0242ADE2C}.Release|Any CPU.Build.0 = Release|Any CPU
		{1531AAEB-64DE-411D-A63D-19F0DE41260C}.Debug|Any CPU.ActiveCfg = Debug|Any CPU
		{1531AAEB-64DE-411D-A63D-19F0DE41260C}.Debug|Any CPU.Build.0 = Debug|Any CPU
		{1531AAEB-64DE-411D-A63D-19F0DE41260C}.Release|Any CPU.ActiveCfg = Release|Any CPU
		{1531AAEB-64DE-411D-A63D-19F0DE41260C}.Release|Any CPU.Build.0 = Release|Any CPU
	EndGlobalSection
	GlobalSection(SolutionProperties) = preSolution
		HideSolutionNode = FALSE
	EndGlobalSection
	GlobalSection(ExtensibilityGlobals) = postSolution
		SolutionGuid = {CC36E836-A5ED-4F1D-805C-89D9A5C5A008}
	EndGlobalSection
EndGlobal
